// !$*UTF8*$!
{
	archiveVersion = 1;
	classes = {
	};
	objectVersion = 56;
	objects = {

/* Begin PBXBuildFile section */
		62C47B01297AE51A00DC3BE5 /* AppDelegate.swift in Sources */ = {isa = PBXBuildFile; fileRef = 62C47B00297AE51A00DC3BE5 /* AppDelegate.swift */; };
		62C47B03297AE51A00DC3BE5 /* SceneDelegate.swift in Sources */ = {isa = PBXBuildFile; fileRef = 62C47B02297AE51A00DC3BE5 /* SceneDelegate.swift */; };
		62C47B05297AE51A00DC3BE5 /* MainViewController.swift in Sources */ = {isa = PBXBuildFile; fileRef = 62C47B04297AE51A00DC3BE5 /* MainViewController.swift */; };
		62C47B08297AE51A00DC3BE5 /* Main.storyboard in Resources */ = {isa = PBXBuildFile; fileRef = 62C47B06297AE51A00DC3BE5 /* Main.storyboard */; };
		62C47B0B297AE51A00DC3BE5 /* simpraBootcampFinalProj.xcdatamodeld in Sources */ = {isa = PBXBuildFile; fileRef = 62C47B09297AE51A00DC3BE5 /* simpraBootcampFinalProj.xcdatamodeld */; };
		62C47B0D297AE51B00DC3BE5 /* Assets.xcassets in Resources */ = {isa = PBXBuildFile; fileRef = 62C47B0C297AE51B00DC3BE5 /* Assets.xcassets */; };
		62C47B10297AE51B00DC3BE5 /* LaunchScreen.storyboard in Resources */ = {isa = PBXBuildFile; fileRef = 62C47B0E297AE51B00DC3BE5 /* LaunchScreen.storyboard */; };
		62C47B19297AE53D00DC3BE5 /* Alamofire in Frameworks */ = {isa = PBXBuildFile; productRef = 62C47B18297AE53D00DC3BE5 /* Alamofire */; };
		62C47B1C297AE55900DC3BE5 /* Kingfisher in Frameworks */ = {isa = PBXBuildFile; productRef = 62C47B1B297AE55900DC3BE5 /* Kingfisher */; };
		62C47B25297C016900DC3BE5 /* Services.swift in Sources */ = {isa = PBXBuildFile; fileRef = 62C47B24297C016900DC3BE5 /* Services.swift */; };
		62C47B27297C0ED600DC3BE5 /* MainModel.swift in Sources */ = {isa = PBXBuildFile; fileRef = 62C47B26297C0ED600DC3BE5 /* MainModel.swift */; };
		62C47B29297C0F0800DC3BE5 /* MainViewModel.swift in Sources */ = {isa = PBXBuildFile; fileRef = 62C47B28297C0F0800DC3BE5 /* MainViewModel.swift */; };
		62C47B30297C153300DC3BE5 /* MainTableViewCell.swift in Sources */ = {isa = PBXBuildFile; fileRef = 62C47B2E297C153300DC3BE5 /* MainTableViewCell.swift */; };
		62C47B31297C153300DC3BE5 /* MainTableViewCell.xib in Resources */ = {isa = PBXBuildFile; fileRef = 62C47B2F297C153300DC3BE5 /* MainTableViewCell.xib */; };
		62C47B33297C188700DC3BE5 /* MainTableViewHelper.swift in Sources */ = {isa = PBXBuildFile; fileRef = 62C47B32297C188700DC3BE5 /* MainTableViewHelper.swift */; };
		62C47B35297C23E400DC3BE5 /* EntitiyProblem.swift in Sources */ = {isa = PBXBuildFile; fileRef = 62C47B34297C23E400DC3BE5 /* EntitiyProblem.swift */; };
/* End PBXBuildFile section */

/* Begin PBXFileReference section */
		62C47AFD297AE51A00DC3BE5 /* simpraBootcampFinalProj.app */ = {isa = PBXFileReference; explicitFileType = wrapper.application; includeInIndex = 0; path = simpraBootcampFinalProj.app; sourceTree = BUILT_PRODUCTS_DIR; };
		62C47B00297AE51A00DC3BE5 /* AppDelegate.swift */ = {isa = PBXFileReference; lastKnownFileType = sourcecode.swift; path = AppDelegate.swift; sourceTree = "<group>"; };
		62C47B02297AE51A00DC3BE5 /* SceneDelegate.swift */ = {isa = PBXFileReference; lastKnownFileType = sourcecode.swift; path = SceneDelegate.swift; sourceTree = "<group>"; };
		62C47B04297AE51A00DC3BE5 /* MainViewController.swift */ = {isa = PBXFileReference; lastKnownFileType = sourcecode.swift; path = MainViewController.swift; sourceTree = "<group>"; };
		62C47B07297AE51A00DC3BE5 /* Base */ = {isa = PBXFileReference; lastKnownFileType = file.storyboard; name = Base; path = Base.lproj/Main.storyboard; sourceTree = "<group>"; };
		62C47B0A297AE51A00DC3BE5 /* simpraBootcampFinalProj.xcdatamodel */ = {isa = PBXFileReference; lastKnownFileType = wrapper.xcdatamodel; path = simpraBootcampFinalProj.xcdatamodel; sourceTree = "<group>"; };
		62C47B0C297AE51B00DC3BE5 /* Assets.xcassets */ = {isa = PBXFileReference; lastKnownFileType = folder.assetcatalog; path = Assets.xcassets; sourceTree = "<group>"; };
		62C47B0F297AE51B00DC3BE5 /* Base */ = {isa = PBXFileReference; lastKnownFileType = file.storyboard; name = Base; path = Base.lproj/LaunchScreen.storyboard; sourceTree = "<group>"; };
		62C47B11297AE51B00DC3BE5 /* Info.plist */ = {isa = PBXFileReference; lastKnownFileType = text.plist.xml; path = Info.plist; sourceTree = "<group>"; };
		62C47B24297C016900DC3BE5 /* Services.swift */ = {isa = PBXFileReference; lastKnownFileType = sourcecode.swift; path = Services.swift; sourceTree = "<group>"; };
		62C47B26297C0ED600DC3BE5 /* MainModel.swift */ = {isa = PBXFileReference; lastKnownFileType = sourcecode.swift; path = MainModel.swift; sourceTree = "<group>"; };
		62C47B28297C0F0800DC3BE5 /* MainViewModel.swift */ = {isa = PBXFileReference; lastKnownFileType = sourcecode.swift; path = MainViewModel.swift; sourceTree = "<group>"; };
		62C47B2E297C153300DC3BE5 /* MainTableViewCell.swift */ = {isa = PBXFileReference; lastKnownFileType = sourcecode.swift; path = MainTableViewCell.swift; sourceTree = "<group>"; };
		62C47B2F297C153300DC3BE5 /* MainTableViewCell.xib */ = {isa = PBXFileReference; lastKnownFileType = file.xib; path = MainTableViewCell.xib; sourceTree = "<group>"; };
		62C47B32297C188700DC3BE5 /* MainTableViewHelper.swift */ = {isa = PBXFileReference; lastKnownFileType = sourcecode.swift; path = MainTableViewHelper.swift; sourceTree = "<group>"; };
		62C47B34297C23E400DC3BE5 /* EntitiyProblem.swift */ = {isa = PBXFileReference; lastKnownFileType = sourcecode.swift; path = EntitiyProblem.swift; sourceTree = "<group>"; };
/* End PBXFileReference section */

/* Begin PBXFrameworksBuildPhase section */
		62C47AFA297AE51A00DC3BE5 /* Frameworks */ = {
			isa = PBXFrameworksBuildPhase;
			buildActionMask = 2147483647;
			files = (
				62C47B1C297AE55900DC3BE5 /* Kingfisher in Frameworks */,
				62C47B19297AE53D00DC3BE5 /* Alamofire in Frameworks */,
			);
			runOnlyForDeploymentPostprocessing = 0;
		};
/* End PBXFrameworksBuildPhase section */

/* Begin PBXGroup section */
		62C47AF4297AE51A00DC3BE5 = {
			isa = PBXGroup;
			children = (
				62C47AFF297AE51A00DC3BE5 /* simpraBootcampFinalProj */,
				62C47AFE297AE51A00DC3BE5 /* Products */,
			);
			sourceTree = "<group>";
		};
		62C47AFE297AE51A00DC3BE5 /* Products */ = {
			isa = PBXGroup;
			children = (
				62C47AFD297AE51A00DC3BE5 /* simpraBootcampFinalProj.app */,
			);
			name = Products;
			sourceTree = "<group>";
		};
		62C47AFF297AE51A00DC3BE5 /* simpraBootcampFinalProj */ = {
			isa = PBXGroup;
			children = (
				62C47B23297BFFD000DC3BE5 /* Delegates */,
				62C47B1D297BFE9B00DC3BE5 /* MVVM */,
				62C47B06297AE51A00DC3BE5 /* Main.storyboard */,
				62C47B0C297AE51B00DC3BE5 /* Assets.xcassets */,
				62C47B0E297AE51B00DC3BE5 /* LaunchScreen.storyboard */,
				62C47B11297AE51B00DC3BE5 /* Info.plist */,
				62C47B09297AE51A00DC3BE5 /* simpraBootcampFinalProj.xcdatamodeld */,
			);
			path = simpraBootcampFinalProj;
			sourceTree = "<group>";
		};
		62C47B1D297BFE9B00DC3BE5 /* MVVM */ = {
			isa = PBXGroup;
			children = (
				62C47B1E297BFEBC00DC3BE5 /* Main Screen */,
				62C47B1F297BFECF00DC3BE5 /* Detail Screen */,
				62C47B20297BFF0E00DC3BE5 /* Liked Screen */,
				62C47B21297BFF2900DC3BE5 /* Noted Screen */,
				62C47B22297BFF4B00DC3BE5 /* Add Note Screen */,
			);
			path = MVVM;
			sourceTree = "<group>";
		};
		62C47B1E297BFEBC00DC3BE5 /* Main Screen */ = {
			isa = PBXGroup;
			children = (
				62C47B26297C0ED600DC3BE5 /* MainModel.swift */,
				62C47B28297C0F0800DC3BE5 /* MainViewModel.swift */,
				62C47B04297AE51A00DC3BE5 /* MainViewController.swift */,
				62C47B2E297C153300DC3BE5 /* MainTableViewCell.swift */,
				62C47B2F297C153300DC3BE5 /* MainTableViewCell.xib */,
				62C47B24297C016900DC3BE5 /* Services.swift */,
				62C47B32297C188700DC3BE5 /* MainTableViewHelper.swift */,
			);
			path = "Main Screen";
			sourceTree = "<group>";
		};
		62C47B1F297BFECF00DC3BE5 /* Detail Screen */ = {
			isa = PBXGroup;
			children = (
			);
			path = "Detail Screen";
			sourceTree = "<group>";
		};
		62C47B20297BFF0E00DC3BE5 /* Liked Screen */ = {
			isa = PBXGroup;
			children = (
			);
			path = "Liked Screen";
			sourceTree = "<group>";
		};
		62C47B21297BFF2900DC3BE5 /* Noted Screen */ = {
			isa = PBXGroup;
			children = (
			);
			path = "Noted Screen";
			sourceTree = "<group>";
		};
		62C47B22297BFF4B00DC3BE5 /* Add Note Screen */ = {
			isa = PBXGroup;
			children = (
			);
			path = "Add Note Screen";
			sourceTree = "<group>";
		};
		62C47B23297BFFD000DC3BE5 /* Delegates */ = {
			isa = PBXGroup;
			children = (
				62C47B02297AE51A00DC3BE5 /* SceneDelegate.swift */,
				62C47B00297AE51A00DC3BE5 /* AppDelegate.swift */,
				62C47B34297C23E400DC3BE5 /* EntitiyProblem.swift */,
			);
			path = Delegates;
			sourceTree = "<group>";
		};
/* End PBXGroup section */

/* Begin PBXNativeTarget section */
		62C47AFC297AE51A00DC3BE5 /* simpraBootcampFinalProj */ = {
			isa = PBXNativeTarget;
			buildConfigurationList = 62C47B14297AE51B00DC3BE5 /* Build configuration list for PBXNativeTarget "simpraBootcampFinalProj" */;
			buildPhases = (
				62C47AF9297AE51A00DC3BE5 /* Sources */,
				62C47AFA297AE51A00DC3BE5 /* Frameworks */,
				62C47AFB297AE51A00DC3BE5 /* Resources */,
			);
			buildRules = (
			);
			dependencies = (
			);
			name = simpraBootcampFinalProj;
			packageProductDependencies = (
				62C47B18297AE53D00DC3BE5 /* Alamofire */,
				62C47B1B297AE55900DC3BE5 /* Kingfisher */,
			);
			productName = simpraBootcampFinalProj;
			productReference = 62C47AFD297AE51A00DC3BE5 /* simpraBootcampFinalProj.app */;
			productType = "com.apple.product-type.application";
		};
/* End PBXNativeTarget section */

/* Begin PBXProject section */
		62C47AF5297AE51A00DC3BE5 /* Project object */ = {
			isa = PBXProject;
			attributes = {
				BuildIndependentTargetsInParallel = 1;
				LastSwiftUpdateCheck = 1400;
				LastUpgradeCheck = 1400;
				TargetAttributes = {
					62C47AFC297AE51A00DC3BE5 = {
						CreatedOnToolsVersion = 14.0;
					};
				};
			};
			buildConfigurationList = 62C47AF8297AE51A00DC3BE5 /* Build configuration list for PBXProject "simpraBootcampFinalProj" */;
			compatibilityVersion = "Xcode 14.0";
			developmentRegion = en;
			hasScannedForEncodings = 0;
			knownRegions = (
				en,
				Base,
			);
			mainGroup = 62C47AF4297AE51A00DC3BE5;
			packageReferences = (
				62C47B17297AE53D00DC3BE5 /* XCRemoteSwiftPackageReference "Alamofire" */,
				62C47B1A297AE55900DC3BE5 /* XCRemoteSwiftPackageReference "Kingfisher" */,
			);
			productRefGroup = 62C47AFE297AE51A00DC3BE5 /* Products */;
			projectDirPath = "";
			projectRoot = "";
			targets = (
				62C47AFC297AE51A00DC3BE5 /* simpraBootcampFinalProj */,
			);
		};
/* End PBXProject section */

/* Begin PBXResourcesBuildPhase section */
		62C47AFB297AE51A00DC3BE5 /* Resources */ = {
			isa = PBXResourcesBuildPhase;
			buildActionMask = 2147483647;
			files = (
				62C47B10297AE51B00DC3BE5 /* LaunchScreen.storyboard in Resources */,
				62C47B0D297AE51B00DC3BE5 /* Assets.xcassets in Resources */,
				62C47B31297C153300DC3BE5 /* MainTableViewCell.xib in Resources */,
				62C47B08297AE51A00DC3BE5 /* Main.storyboard in Resources */,
			);
			runOnlyForDeploymentPostprocessing = 0;
		};
/* End PBXResourcesBuildPhase section */

/* Begin PBXSourcesBuildPhase section */
		62C47AF9297AE51A00DC3BE5 /* Sources */ = {
			isa = PBXSourcesBuildPhase;
			buildActionMask = 2147483647;
			files = (
				62C47B25297C016900DC3BE5 /* Services.swift in Sources */,
				62C47B05297AE51A00DC3BE5 /* MainViewController.swift in Sources */,
				62C47B30297C153300DC3BE5 /* MainTableViewCell.swift in Sources */,
				62C47B27297C0ED600DC3BE5 /* MainModel.swift in Sources */,
				62C47B35297C23E400DC3BE5 /* EntitiyProblem.swift in Sources */,
				62C47B29297C0F0800DC3BE5 /* MainViewModel.swift in Sources */,
				62C47B01297AE51A00DC3BE5 /* AppDelegate.swift in Sources */,
				62C47B0B297AE51A00DC3BE5 /* simpraBootcampFinalProj.xcdatamodeld in Sources */,
				62C47B03297AE51A00DC3BE5 /* SceneDelegate.swift in Sources */,
				62C47B33297C188700DC3BE5 /* MainTableViewHelper.swift in Sources */,
			);
			runOnlyForDeploymentPostprocessing = 0;
		};
/* End PBXSourcesBuildPhase section */

/* Begin PBXVariantGroup section */
		62C47B06297AE51A00DC3BE5 /* Main.storyboard */ = {
			isa = PBXVariantGroup;
			children = (
				62C47B07297AE51A00DC3BE5 /* Base */,
			);
			name = Main.storyboard;
			sourceTree = "<group>";
		};
		62C47B0E297AE51B00DC3BE5 /* LaunchScreen.storyboard */ = {
			isa = PBXVariantGroup;
			children = (
				62C47B0F297AE51B00DC3BE5 /* Base */,
			);
			name = LaunchScreen.storyboard;
			sourceTree = "<group>";
		};
/* End PBXVariantGroup section */

/* Begin XCBuildConfiguration section */
		62C47B12297AE51B00DC3BE5 /* Debug */ = {
			isa = XCBuildConfiguration;
			buildSettings = {
				ALWAYS_SEARCH_USER_PATHS = NO;
				CLANG_ANALYZER_NONNULL = YES;
				CLANG_ANALYZER_NUMBER_OBJECT_CONVERSION = YES_AGGRESSIVE;
				CLANG_CXX_LANGUAGE_STANDARD = "gnu++20";
				CLANG_ENABLE_MODULES = YES;
				CLANG_ENABLE_OBJC_ARC = YES;
				CLANG_ENABLE_OBJC_WEAK = YES;
				CLANG_WARN_BLOCK_CAPTURE_AUTORELEASING = YES;
				CLANG_WARN_BOOL_CONVERSION = YES;
				CLANG_WARN_COMMA = YES;
				CLANG_WARN_CONSTANT_CONVERSION = YES;
				CLANG_WARN_DEPRECATED_OBJC_IMPLEMENTATIONS = YES;
				CLANG_WARN_DIRECT_OBJC_ISA_USAGE = YES_ERROR;
				CLANG_WARN_DOCUMENTATION_COMMENTS = YES;
				CLANG_WARN_EMPTY_BODY = YES;
				CLANG_WARN_ENUM_CONVERSION = YES;
				CLANG_WARN_INFINITE_RECURSION = YES;
				CLANG_WARN_INT_CONVERSION = YES;
				CLANG_WARN_NON_LITERAL_NULL_CONVERSION = YES;
				CLANG_WARN_OBJC_IMPLICIT_RETAIN_SELF = YES;
				CLANG_WARN_OBJC_LITERAL_CONVERSION = YES;
				CLANG_WARN_OBJC_ROOT_CLASS = YES_ERROR;
				CLANG_WARN_QUOTED_INCLUDE_IN_FRAMEWORK_HEADER = YES;
				CLANG_WARN_RANGE_LOOP_ANALYSIS = YES;
				CLANG_WARN_STRICT_PROTOTYPES = YES;
				CLANG_WARN_SUSPICIOUS_MOVE = YES;
				CLANG_WARN_UNGUARDED_AVAILABILITY = YES_AGGRESSIVE;
				CLANG_WARN_UNREACHABLE_CODE = YES;
				CLANG_WARN__DUPLICATE_METHOD_MATCH = YES;
				COPY_PHASE_STRIP = NO;
				DEBUG_INFORMATION_FORMAT = dwarf;
				ENABLE_STRICT_OBJC_MSGSEND = YES;
				ENABLE_TESTABILITY = YES;
				GCC_C_LANGUAGE_STANDARD = gnu11;
				GCC_DYNAMIC_NO_PIC = NO;
				GCC_NO_COMMON_BLOCKS = YES;
				GCC_OPTIMIZATION_LEVEL = 0;
				GCC_PREPROCESSOR_DEFINITIONS = (
					"DEBUG=1",
					"$(inherited)",
				);
				GCC_WARN_64_TO_32_BIT_CONVERSION = YES;
				GCC_WARN_ABOUT_RETURN_TYPE = YES_ERROR;
				GCC_WARN_UNDECLARED_SELECTOR = YES;
				GCC_WARN_UNINITIALIZED_AUTOS = YES_AGGRESSIVE;
				GCC_WARN_UNUSED_FUNCTION = YES;
				GCC_WARN_UNUSED_VARIABLE = YES;
				IPHONEOS_DEPLOYMENT_TARGET = 16.0;
				MTL_ENABLE_DEBUG_INFO = INCLUDE_SOURCE;
				MTL_FAST_MATH = YES;
				ONLY_ACTIVE_ARCH = YES;
				SDKROOT = iphoneos;
				SWIFT_ACTIVE_COMPILATION_CONDITIONS = DEBUG;
				SWIFT_OPTIMIZATION_LEVEL = "-Onone";
			};
			name = Debug;
		};
		62C47B13297AE51B00DC3BE5 /* Release */ = {
			isa = XCBuildConfiguration;
			buildSettings = {
				ALWAYS_SEARCH_USER_PATHS = NO;
				CLANG_ANALYZER_NONNULL = YES;
				CLANG_ANALYZER_NUMBER_OBJECT_CONVERSION = YES_AGGRESSIVE;
				CLANG_CXX_LANGUAGE_STANDARD = "gnu++20";
				CLANG_ENABLE_MODULES = YES;
				CLANG_ENABLE_OBJC_ARC = YES;
				CLANG_ENABLE_OBJC_WEAK = YES;
				CLANG_WARN_BLOCK_CAPTURE_AUTORELEASING = YES;
				CLANG_WARN_BOOL_CONVERSION = YES;
				CLANG_WARN_COMMA = YES;
				CLANG_WARN_CONSTANT_CONVERSION = YES;
				CLANG_WARN_DEPRECATED_OBJC_IMPLEMENTATIONS = YES;
				CLANG_WARN_DIRECT_OBJC_ISA_USAGE = YES_ERROR;
				CLANG_WARN_DOCUMENTATION_COMMENTS = YES;
				CLANG_WARN_EMPTY_BODY = YES;
				CLANG_WARN_ENUM_CONVERSION = YES;
				CLANG_WARN_INFINITE_RECURSION = YES;
				CLANG_WARN_INT_CONVERSION = YES;
				CLANG_WARN_NON_LITERAL_NULL_CONVERSION = YES;
				CLANG_WARN_OBJC_IMPLICIT_RETAIN_SELF = YES;
				CLANG_WARN_OBJC_LITERAL_CONVERSION = YES;
				CLANG_WARN_OBJC_ROOT_CLASS = YES_ERROR;
				CLANG_WARN_QUOTED_INCLUDE_IN_FRAMEWORK_HEADER = YES;
				CLANG_WARN_RANGE_LOOP_ANALYSIS = YES;
				CLANG_WARN_STRICT_PROTOTYPES = YES;
				CLANG_WARN_SUSPICIOUS_MOVE = YES;
				CLANG_WARN_UNGUARDED_AVAILABILITY = YES_AGGRESSIVE;
				CLANG_WARN_UNREACHABLE_CODE = YES;
				CLANG_WARN__DUPLICATE_METHOD_MATCH = YES;
				COPY_PHASE_STRIP = NO;
				DEBUG_INFORMATION_FORMAT = "dwarf-with-dsym";
				ENABLE_NS_ASSERTIONS = NO;
				ENABLE_STRICT_OBJC_MSGSEND = YES;
				GCC_C_LANGUAGE_STANDARD = gnu11;
				GCC_NO_COMMON_BLOCKS = YES;
				GCC_WARN_64_TO_32_BIT_CONVERSION = YES;
				GCC_WARN_ABOUT_RETURN_TYPE = YES_ERROR;
				GCC_WARN_UNDECLARED_SELECTOR = YES;
				GCC_WARN_UNINITIALIZED_AUTOS = YES_AGGRESSIVE;
				GCC_WARN_UNUSED_FUNCTION = YES;
				GCC_WARN_UNUSED_VARIABLE = YES;
				IPHONEOS_DEPLOYMENT_TARGET = 16.0;
				MTL_ENABLE_DEBUG_INFO = NO;
				MTL_FAST_MATH = YES;
				SDKROOT = iphoneos;
				SWIFT_COMPILATION_MODE = wholemodule;
				SWIFT_OPTIMIZATION_LEVEL = "-O";
				VALIDATE_PRODUCT = YES;
			};
			name = Release;
		};
		62C47B15297AE51B00DC3BE5 /* Debug */ = {
			isa = XCBuildConfiguration;
			buildSettings = {
				ASSETCATALOG_COMPILER_APPICON_NAME = AppIcon;
				ASSETCATALOG_COMPILER_GLOBAL_ACCENT_COLOR_NAME = AccentColor;
				CODE_SIGN_STYLE = Automatic;
				CURRENT_PROJECT_VERSION = 1;
				DEVELOPMENT_TEAM = 977V4TY2Q6;
				GENERATE_INFOPLIST_FILE = YES;
				INFOPLIST_FILE = simpraBootcampFinalProj/Info.plist;
				INFOPLIST_KEY_UIApplicationSupportsIndirectInputEvents = YES;
				INFOPLIST_KEY_UILaunchStoryboardName = LaunchScreen;
				INFOPLIST_KEY_UIMainStoryboardFile = Main;
				INFOPLIST_KEY_UISupportedInterfaceOrientations_iPad = "UIInterfaceOrientationPortrait UIInterfaceOrientationPortraitUpsideDown UIInterfaceOrientationLandscapeLeft UIInterfaceOrientationLandscapeRight";
				INFOPLIST_KEY_UISupportedInterfaceOrientations_iPhone = "UIInterfaceOrientationPortrait UIInterfaceOrientationLandscapeLeft UIInterfaceOrientationLandscapeRight";
				LD_RUNPATH_SEARCH_PATHS = (
					"$(inherited)",
					"@executable_path/Frameworks",
				);
				MARKETING_VERSION = 1.0;
				PRODUCT_BUNDLE_IDENTIFIER = com.berkaycati.simpraBootcampFinalProj;
				PRODUCT_NAME = "$(TARGET_NAME)";
				SWIFT_EMIT_LOC_STRINGS = YES;
				SWIFT_VERSION = 5.0;
				TARGETED_DEVICE_FAMILY = "1,2";
			};
			name = Debug;
		};
		62C47B16297AE51B00DC3BE5 /* Release */ = {
			isa = XCBuildConfiguration;
			buildSettings = {
				ASSETCATALOG_COMPILER_APPICON_NAME = AppIcon;
				ASSETCATALOG_COMPILER_GLOBAL_ACCENT_COLOR_NAME = AccentColor;
				CODE_SIGN_STYLE = Automatic;
				CURRENT_PROJECT_VERSION = 1;
				DEVELOPMENT_TEAM = 977V4TY2Q6;
				GENERATE_INFOPLIST_FILE = YES;
				INFOPLIST_FILE = simpraBootcampFinalProj/Info.plist;
				INFOPLIST_KEY_UIApplicationSupportsIndirectInputEvents = YES;
				INFOPLIST_KEY_UILaunchStoryboardName = LaunchScreen;
				INFOPLIST_KEY_UIMainStoryboardFile = Main;
				INFOPLIST_KEY_UISupportedInterfaceOrientations_iPad = "UIInterfaceOrientationPortrait UIInterfaceOrientationPortraitUpsideDown UIInterfaceOrientationLandscapeLeft UIInterfaceOrientationLandscapeRight";
				INFOPLIST_KEY_UISupportedInterfaceOrientations_iPhone = "UIInterfaceOrientationPortrait UIInterfaceOrientationLandscapeLeft UIInterfaceOrientationLandscapeRight";
				LD_RUNPATH_SEARCH_PATHS = (
					"$(inherited)",
					"@executable_path/Frameworks",
				);
				MARKETING_VERSION = 1.0;
				PRODUCT_BUNDLE_IDENTIFIER = com.berkaycati.simpraBootcampFinalProj;
				PRODUCT_NAME = "$(TARGET_NAME)";
				SWIFT_EMIT_LOC_STRINGS = YES;
				SWIFT_VERSION = 5.0;
				TARGETED_DEVICE_FAMILY = "1,2";
			};
			name = Release;
		};
/* End XCBuildConfiguration section */

/* Begin XCConfigurationList section */
		62C47AF8297AE51A00DC3BE5 /* Build configuration list for PBXProject "simpraBootcampFinalProj" */ = {
			isa = XCConfigurationList;
			buildConfigurations = (
				62C47B12297AE51B00DC3BE5 /* Debug */,
				62C47B13297AE51B00DC3BE5 /* Release */,
			);
			defaultConfigurationIsVisible = 0;
			defaultConfigurationName = Release;
		};
		62C47B14297AE51B00DC3BE5 /* Build configuration list for PBXNativeTarget "simpraBootcampFinalProj" */ = {
			isa = XCConfigurationList;
			buildConfigurations = (
				62C47B15297AE51B00DC3BE5 /* Debug */,
				62C47B16297AE51B00DC3BE5 /* Release */,
			);
			defaultConfigurationIsVisible = 0;
			defaultConfigurationName = Release;
		};
/* End XCConfigurationList section */

/* Begin XCRemoteSwiftPackageReference section */
		62C47B17297AE53D00DC3BE5 /* XCRemoteSwiftPackageReference "Alamofire" */ = {
			isa = XCRemoteSwiftPackageReference;
			repositoryURL = "https://github.com/Alamofire/Alamofire.git";
			requirement = {
				branch = master;
				kind = branch;
			};
		};
		62C47B1A297AE55900DC3BE5 /* XCRemoteSwiftPackageReference "Kingfisher" */ = {
			isa = XCRemoteSwiftPackageReference;
			repositoryURL = "https://github.com/onevcat/Kingfisher.git";
			requirement = {
				branch = master;
				kind = branch;
			};
		};
/* End XCRemoteSwiftPackageReference section */

/* Begin XCSwiftPackageProductDependency section */
		62C47B18297AE53D00DC3BE5 /* Alamofire */ = {
			isa = XCSwiftPackageProductDependency;
			package = 62C47B17297AE53D00DC3BE5 /* XCRemoteSwiftPackageReference "Alamofire" */;
			productName = Alamofire;
		};
		62C47B1B297AE55900DC3BE5 /* Kingfisher */ = {
			isa = XCSwiftPackageProductDependency;
			package = 62C47B1A297AE55900DC3BE5 /* XCRemoteSwiftPackageReference "Kingfisher" */;
			productName = Kingfisher;
		};
/* End XCSwiftPackageProductDependency section */

/* Begin XCVersionGroup section */
		62C47B09297AE51A00DC3BE5 /* simpraBootcampFinalProj.xcdatamodeld */ = {
			isa = XCVersionGroup;
			children = (
				62C47B0A297AE51A00DC3BE5 /* simpraBootcampFinalProj.xcdatamodel */,
			);
			currentVersion = 62C47B0A297AE51A00DC3BE5 /* simpraBootcampFinalProj.xcdatamodel */;
			path = simpraBootcampFinalProj.xcdatamodeld;
			sourceTree = "<group>";
			versionGroupType = wrapper.xcdatamodel;
		};
/* End XCVersionGroup section */
	};
	rootObject = 62C47AF5297AE51A00DC3BE5 /* Project object */;
}
